{
  "name": "ignite-design-system",
  "version": "file:../../../../Dropbox/PC/Desktop/projects/ignite-lab/ignite-design-system",
  "lockfileVersion": 2,
  "requires": true,
  "packages": {
    "": {
      "workspaces": [
        "packages/*"
      ]
    },
    "../../../../Dropbox/PC/Desktop/projects/ignite-lab/ignite-design-system/packages/eslint-config": {
      "extraneous": true,
      "license": "MIT"
    },
    "../../../../Dropbox/PC/Desktop/projects/ignite-lab/ignite-design-system/packages/react": {
      "version": "1.0.0",
      "extraneous": true,
      "license": "MIT",
      "devDependencies": {
        "@ignite-ui/tokens": "*",
        "@ignite-ui/ts-config": "*",
        "tsup": "^6.5.0",
        "typescript": "^4.9.4"
      }
    },
    "../../../../Dropbox/PC/Desktop/projects/ignite-lab/ignite-design-system/packages/tokens": {
      "version": "1.0.0",
      "extraneous": true,
      "license": "MIT",
      "devDependencies": {
        "@ignite-ui/ts-config": "*",
        "tsup": "^6.5.0",
        "typescript": "^4.9.4"
      }
    },
    "../../../../Dropbox/PC/Desktop/projects/ignite-lab/ignite-design-system/packages/ts-config": {
      "version": "1.0.0",
      "extraneous": true,
      "license": "MIT"
    },
    "../../../../Dropbox/PC/Dropbox/PC/Desktop/projects/ignite-lab/ignite-design-system/packages/eslint-config": {
      "extraneous": true,
      "license": "MIT"
    },
    "../../../../Dropbox/PC/Dropbox/PC/Desktop/projects/ignite-lab/ignite-design-system/packages/react": {
      "version": "1.0.0",
      "extraneous": true,
      "license": "MIT",
      "devDependencies": {
        "@ignite-ui/tokens": "*",
        "@ignite-ui/ts-config": "*",
        "tsup": "^6.5.0",
        "typescript": "^4.9.4"
      }
    },
    "../../../../Dropbox/PC/Dropbox/PC/Desktop/projects/ignite-lab/ignite-design-system/packages/tokens": {
      "version": "1.0.0",
      "extraneous": true,
      "license": "MIT",
      "devDependencies": {
        "@ignite-ui/ts-config": "*",
        "tsup": "^6.5.0",
        "typescript": "^4.9.4"
      }
    },
    "../../../../Dropbox/PC/Dropbox/PC/Desktop/projects/ignite-lab/ignite-design-system/packages/ts-config": {
      "version": "1.0.0",
      "extraneous": true,
      "license": "MIT"
    },
    "../../../../Dropbox/PC/Dropbox/PC/Dropbox/PC/Desktop/projects/ignite-lab/ignite-design-system/packages/eslint-config": {
      "extraneous": true,
      "license": "MIT"
    },
    "../../../../Dropbox/PC/Dropbox/PC/Dropbox/PC/Desktop/projects/ignite-lab/ignite-design-system/packages/react": {
      "version": "1.0.0",
      "extraneous": true,
      "license": "MIT",
      "devDependencies": {
        "@ignite-ui/tokens": "*",
        "@ignite-ui/ts-config": "*",
        "tsup": "^6.5.0",
        "typescript": "^4.9.4"
      }
    },
    "../../../../Dropbox/PC/Dropbox/PC/Dropbox/PC/Desktop/projects/ignite-lab/ignite-design-system/packages/tokens": {
      "version": "1.0.0",
      "extraneous": true,
      "license": "MIT",
      "devDependencies": {
        "@ignite-ui/ts-config": "*",
        "tsup": "^6.5.0",
        "typescript": "^4.9.4"
      }
    },
    "../../../../Dropbox/PC/Dropbox/PC/Dropbox/PC/Desktop/projects/ignite-lab/ignite-design-system/packages/ts-config": {
      "version": "1.0.0",
      "extraneous": true,
      "license": "MIT"
    },
    "../../../../Dropbox/PC/Dropbox/PC/Dropbox/PC/Dropbox/PC/Desktop/projects/ignite-lab/ignite-design-system/packages/eslint-config": {
      "extraneous": true,
      "license": "MIT"
    },
    "../../../../Dropbox/PC/Dropbox/PC/Dropbox/PC/Dropbox/PC/Desktop/projects/ignite-lab/ignite-design-system/packages/react": {
      "version": "1.0.0",
      "extraneous": true,
      "license": "MIT",
      "devDependencies": {
        "@ignite-ui/tokens": "*",
        "@ignite-ui/ts-config": "*",
        "tsup": "^6.5.0",
        "typescript": "^4.9.4"
      }
    },
    "../../../../Dropbox/PC/Dropbox/PC/Dropbox/PC/Dropbox/PC/Desktop/projects/ignite-lab/ignite-design-system/packages/tokens": {
      "version": "1.0.0",
      "extraneous": true,
      "license": "MIT",
      "devDependencies": {
        "@ignite-ui/ts-config": "*",
        "tsup": "^6.5.0",
        "typescript": "^4.9.4"
      }
    },
    "../../../../Dropbox/PC/Dropbox/PC/Dropbox/PC/Dropbox/PC/Desktop/projects/ignite-lab/ignite-design-system/packages/ts-config": {
      "version": "1.0.0",
      "extraneous": true,
      "license": "MIT"
    },
    "../../../../Dropbox/PC/Dropbox/PC/Dropbox/PC/Dropbox/PC/Dropbox/PC/Desktop/projects/ignite-lab/ignite-design-system/packages/eslint-config": {
      "extraneous": true,
      "license": "MIT"
    },
    "../../../../Dropbox/PC/Dropbox/PC/Dropbox/PC/Dropbox/PC/Dropbox/PC/Desktop/projects/ignite-lab/ignite-design-system/packages/react": {
      "version": "1.0.0",
      "extraneous": true,
      "license": "MIT",
      "devDependencies": {
        "@ignite-ui/tokens": "*",
        "@ignite-ui/ts-config": "*",
        "tsup": "^6.5.0",
        "typescript": "^4.9.4"
      }
    },
    "../../../../Dropbox/PC/Dropbox/PC/Dropbox/PC/Dropbox/PC/Dropbox/PC/Desktop/projects/ignite-lab/ignite-design-system/packages/tokens": {
      "version": "1.0.0",
      "extraneous": true,
      "license": "MIT",
      "devDependencies": {
        "@ignite-ui/ts-config": "*",
        "tsup": "^6.5.0",
        "typescript": "^4.9.4"
      }
    },
    "../../../../Dropbox/PC/Dropbox/PC/Dropbox/PC/Dropbox/PC/Dropbox/PC/Desktop/projects/ignite-lab/ignite-design-system/packages/ts-config": {
      "version": "1.0.0",
      "extraneous": true,
      "license": "MIT"
    },
    "../../../../Dropbox/PC/Dropbox/PC/Dropbox/PC/Dropbox/PC/Dropbox/PC/Dropbox/PC/Desktop/projects/ignite-lab/ignite-design-system/packages/eslint-config": {
      "version": "1.0.0",
      "extraneous": true,
      "license": "ISC"
    },
    "../../../../Dropbox/PC/Dropbox/PC/Dropbox/PC/Dropbox/PC/Dropbox/PC/Dropbox/PC/Desktop/projects/ignite-lab/ignite-design-system/packages/react": {
      "version": "1.0.0",
      "extraneous": true,
      "license": "MIT",
      "devDependencies": {
        "@ignite-ui/tokens": "*",
        "@ignite-ui/ts-config": "*",
        "tsup": "^6.5.0",
        "typescript": "^4.9.4"
      }
    },
    "../../../../Dropbox/PC/Dropbox/PC/Dropbox/PC/Dropbox/PC/Dropbox/PC/Dropbox/PC/Desktop/projects/ignite-lab/ignite-design-system/packages/tokens": {
      "version": "1.0.0",
      "extraneous": true,
      "license": "MIT",
      "devDependencies": {
        "@ignite-ui/ts-config": "*",
        "tsup": "^6.5.0",
        "typescript": "^4.9.4"
      }
    },
    "../../../../Dropbox/PC/Dropbox/PC/Dropbox/PC/Dropbox/PC/Dropbox/PC/Dropbox/PC/Desktop/projects/ignite-lab/ignite-design-system/packages/ts-config": {
      "version": "1.0.0",
      "extraneous": true,
      "license": "MIT"
    },
    "../../../../Dropbox/PC/Dropbox/PC/Dropbox/PC/Dropbox/PC/Dropbox/PC/Dropbox/PC/Dropbox/PC/Desktop/projects/ignite-lab/ignite-design-system/packages/eslint-config": {
      "version": "1.0.0",
      "extraneous": true,
      "license": "ISC"
    },
    "../../../../Dropbox/PC/Dropbox/PC/Dropbox/PC/Dropbox/PC/Dropbox/PC/Dropbox/PC/Dropbox/PC/Desktop/projects/ignite-lab/ignite-design-system/packages/react": {
      "version": "1.0.0",
      "extraneous": true,
      "license": "MIT",
      "devDependencies": {
        "@ignite-ui/tokens": "*",
        "@ignite-ui/ts-config": "*",
        "tsup": "^6.5.0",
        "typescript": "^4.9.4"
      }
    },
    "../../../../Dropbox/PC/Dropbox/PC/Dropbox/PC/Dropbox/PC/Dropbox/PC/Dropbox/PC/Dropbox/PC/Desktop/projects/ignite-lab/ignite-design-system/packages/tokens": {
      "version": "1.0.0",
      "extraneous": true,
      "license": "MIT",
      "devDependencies": {
        "@ignite-ui/ts-config": "*",
        "tsup": "^6.5.0",
        "typescript": "^4.9.4"
      }
    },
    "../../../../Dropbox/PC/Dropbox/PC/Dropbox/PC/Dropbox/PC/Dropbox/PC/Dropbox/PC/Dropbox/PC/Desktop/projects/ignite-lab/ignite-design-system/packages/ts-config": {
      "version": "1.0.0",
      "extraneous": true,
      "license": "MIT"
    },
    "../../../../Dropbox/PC/Dropbox/PC/Dropbox/PC/Dropbox/PC/Dropbox/PC/Dropbox/PC/Dropbox/PC/Dropbox/PC/Desktop/projects/ignite-lab/ignite-design-system/packages/eslint-config": {
      "version": "1.0.0",
      "extraneous": true,
      "license": "ISC"
    },
    "../../../../Dropbox/PC/Dropbox/PC/Dropbox/PC/Dropbox/PC/Dropbox/PC/Dropbox/PC/Dropbox/PC/Dropbox/PC/Desktop/projects/ignite-lab/ignite-design-system/packages/react": {
      "version": "1.0.0",
      "extraneous": true,
      "license": "MIT",
      "devDependencies": {
        "@ignite-ui/tokens": "*",
        "@ignite-ui/ts-config": "*",
        "tsup": "^6.5.0",
        "typescript": "^4.9.4"
      }
    },
    "../../../../Dropbox/PC/Dropbox/PC/Dropbox/PC/Dropbox/PC/Dropbox/PC/Dropbox/PC/Dropbox/PC/Dropbox/PC/Desktop/projects/ignite-lab/ignite-design-system/packages/tokens": {
      "version": "1.0.0",
      "extraneous": true,
      "license": "MIT",
      "devDependencies": {
        "@ignite-ui/ts-config": "*",
        "tsup": "^6.5.0",
        "typescript": "^4.9.4"
      }
    },
    "../../../../Dropbox/PC/Dropbox/PC/Dropbox/PC/Dropbox/PC/Dropbox/PC/Dropbox/PC/Dropbox/PC/Dropbox/PC/Desktop/projects/ignite-lab/ignite-design-system/packages/ts-config": {
      "version": "1.0.0",
      "extraneous": true,
      "license": "MIT"
    },
    "../../../../Dropbox/PC/Dropbox/PC/Dropbox/PC/Dropbox/PC/Dropbox/PC/Dropbox/PC/Dropbox/PC/Dropbox/PC/Dropbox/PC/Desktop/projects/ignite-lab/ignite-design-system/packages/eslint-config": {
      "version": "1.0.0",
      "extraneous": true,
      "license": "ISC"
    },
    "../../../../Dropbox/PC/Dropbox/PC/Dropbox/PC/Dropbox/PC/Dropbox/PC/Dropbox/PC/Dropbox/PC/Dropbox/PC/Dropbox/PC/Desktop/projects/ignite-lab/ignite-design-system/packages/react": {
      "version": "1.0.0",
      "extraneous": true,
      "license": "MIT",
      "devDependencies": {
        "@ignite-ui/tokens": "*",
        "@ignite-ui/ts-config": "*",
        "tsup": "^6.5.0",
        "typescript": "^4.9.4"
      }
    },
    "../../../../Dropbox/PC/Dropbox/PC/Dropbox/PC/Dropbox/PC/Dropbox/PC/Dropbox/PC/Dropbox/PC/Dropbox/PC/Dropbox/PC/Desktop/projects/ignite-lab/ignite-design-system/packages/tokens": {
      "version": "1.0.0",
      "extraneous": true,
      "license": "MIT",
      "devDependencies": {
        "@ignite-ui/ts-config": "*",
        "tsup": "^6.5.0",
        "typescript": "^4.9.4"
      }
    },
    "../../../../Dropbox/PC/Dropbox/PC/Dropbox/PC/Dropbox/PC/Dropbox/PC/Dropbox/PC/Dropbox/PC/Dropbox/PC/Dropbox/PC/Desktop/projects/ignite-lab/ignite-design-system/packages/ts-config": {
      "version": "1.0.0",
      "extraneous": true,
      "license": "MIT"
    },
    "../../../../Dropbox/PC/Dropbox/PC/Dropbox/PC/Dropbox/PC/Dropbox/PC/Dropbox/PC/Dropbox/PC/Dropbox/PC/Dropbox/PC/Dropbox/PC/Desktop/projects/ignite-lab/ignite-design-system/packages/eslint-config": {
      "extraneous": true,
      "license": "MIT"
    },
    "../../../../Dropbox/PC/Dropbox/PC/Dropbox/PC/Dropbox/PC/Dropbox/PC/Dropbox/PC/Dropbox/PC/Dropbox/PC/Dropbox/PC/Dropbox/PC/Desktop/projects/ignite-lab/ignite-design-system/packages/react": {
      "version": "1.0.0",
      "extraneous": true,
      "license": "MIT",
      "devDependencies": {
        "@ignite-ui/tokens": "*",
        "@ignite-ui/ts-config": "*",
        "tsup": "^6.5.0",
        "typescript": "^4.9.4"
      }
    },
    "../../../../Dropbox/PC/Dropbox/PC/Dropbox/PC/Dropbox/PC/Dropbox/PC/Dropbox/PC/Dropbox/PC/Dropbox/PC/Dropbox/PC/Dropbox/PC/Desktop/projects/ignite-lab/ignite-design-system/packages/tokens": {
      "version": "1.0.0",
      "extraneous": true,
      "license": "MIT",
      "devDependencies": {
        "@ignite-ui/ts-config": "*",
        "tsup": "^6.5.0",
        "typescript": "^4.9.4"
      }
    },
    "../../../../Dropbox/PC/Dropbox/PC/Dropbox/PC/Dropbox/PC/Dropbox/PC/Dropbox/PC/Dropbox/PC/Dropbox/PC/Dropbox/PC/Dropbox/PC/Desktop/projects/ignite-lab/ignite-design-system/packages/ts-config": {
      "version": "1.0.0",
      "extraneous": true,
      "license": "MIT"
    },
    "../../../../Dropbox/PC/Dropbox/PC/Dropbox/PC/Dropbox/PC/Dropbox/PC/Dropbox/PC/Dropbox/PC/Dropbox/PC/Dropbox/PC/Dropbox/PC/Dropbox/PC/Desktop/projects/ignite-lab/ignite-design-system/packages/eslint-config": {
      "extraneous": true,
      "license": "MIT"
    },
    "../../../../Dropbox/PC/Dropbox/PC/Dropbox/PC/Dropbox/PC/Dropbox/PC/Dropbox/PC/Dropbox/PC/Dropbox/PC/Dropbox/PC/Dropbox/PC/Dropbox/PC/Desktop/projects/ignite-lab/ignite-design-system/packages/react": {
      "version": "1.0.0",
      "extraneous": true,
      "license": "MIT",
      "devDependencies": {
        "@ignite-ui/tokens": "*",
        "@ignite-ui/ts-config": "*",
        "tsup": "^6.5.0",
        "typescript": "^4.9.4"
      }
    },
    "../../../../Dropbox/PC/Dropbox/PC/Dropbox/PC/Dropbox/PC/Dropbox/PC/Dropbox/PC/Dropbox/PC/Dropbox/PC/Dropbox/PC/Dropbox/PC/Dropbox/PC/Desktop/projects/ignite-lab/ignite-design-system/packages/tokens": {
      "version": "1.0.0",
      "extraneous": true,
      "license": "MIT",
      "devDependencies": {
        "@ignite-ui/ts-config": "*",
        "tsup": "^6.5.0",
        "typescript": "^4.9.4"
      }
    },
    "../../../../Dropbox/PC/Dropbox/PC/Dropbox/PC/Dropbox/PC/Dropbox/PC/Dropbox/PC/Dropbox/PC/Dropbox/PC/Dropbox/PC/Dropbox/PC/Dropbox/PC/Desktop/projects/ignite-lab/ignite-design-system/packages/ts-config": {
      "version": "1.0.0",
      "extraneous": true,
      "license": "MIT"
    },
    "../../../../Dropbox/PC/Dropbox/PC/Dropbox/PC/Dropbox/PC/Dropbox/PC/Dropbox/PC/Dropbox/PC/Dropbox/PC/Dropbox/PC/Dropbox/PC/Dropbox/PC/Dropbox/PC/Desktop/projects/ignite-lab/ignite-design-system/packages/eslint-config": {
      "extraneous": true,
      "license": "MIT"
    },
    "../../../../Dropbox/PC/Dropbox/PC/Dropbox/PC/Dropbox/PC/Dropbox/PC/Dropbox/PC/Dropbox/PC/Dropbox/PC/Dropbox/PC/Dropbox/PC/Dropbox/PC/Dropbox/PC/Desktop/projects/ignite-lab/ignite-design-system/packages/react": {
      "version": "1.0.0",
      "extraneous": true,
      "license": "MIT",
      "devDependencies": {
        "@ignite-ui/tokens": "*",
        "@ignite-ui/ts-config": "*",
        "tsup": "^6.5.0",
        "typescript": "^4.9.4"
      }
    },
    "../../../../Dropbox/PC/Dropbox/PC/Dropbox/PC/Dropbox/PC/Dropbox/PC/Dropbox/PC/Dropbox/PC/Dropbox/PC/Dropbox/PC/Dropbox/PC/Dropbox/PC/Dropbox/PC/Desktop/projects/ignite-lab/ignite-design-system/packages/tokens": {
      "version": "1.0.0",
      "extraneous": true,
      "license": "MIT",
      "devDependencies": {
        "@ignite-ui/ts-config": "*",
        "tsup": "^6.5.0",
        "typescript": "^4.9.4"
      }
    },
    "../../../../Dropbox/PC/Dropbox/PC/Dropbox/PC/Dropbox/PC/Dropbox/PC/Dropbox/PC/Dropbox/PC/Dropbox/PC/Dropbox/PC/Dropbox/PC/Dropbox/PC/Dropbox/PC/Desktop/projects/ignite-lab/ignite-design-system/packages/ts-config": {
      "version": "1.0.0",
      "extraneous": true,
      "license": "MIT"
    },
    "../../../../Dropbox/PC/Dropbox/PC/Dropbox/PC/Dropbox/PC/Dropbox/PC/Dropbox/PC/Dropbox/PC/Dropbox/PC/Dropbox/PC/Dropbox/PC/Dropbox/PC/Dropbox/PC/Dropbox/PC/Desktop/projects/ignite-lab/ignite-design-system/packages/eslint-config": {
      "extraneous": true,
      "license": "MIT"
    },
    "../../../../Dropbox/PC/Dropbox/PC/Dropbox/PC/Dropbox/PC/Dropbox/PC/Dropbox/PC/Dropbox/PC/Dropbox/PC/Dropbox/PC/Dropbox/PC/Dropbox/PC/Dropbox/PC/Dropbox/PC/Desktop/projects/ignite-lab/ignite-design-system/packages/react": {
      "version": "1.0.0",
      "extraneous": true,
      "license": "MIT",
      "devDependencies": {
        "@ignite-ui/tokens": "*",
        "@ignite-ui/ts-config": "*",
        "tsup": "^6.5.0",
        "typescript": "^4.9.4"
      }
    },
    "../../../../Dropbox/PC/Dropbox/PC/Dropbox/PC/Dropbox/PC/Dropbox/PC/Dropbox/PC/Dropbox/PC/Dropbox/PC/Dropbox/PC/Dropbox/PC/Dropbox/PC/Dropbox/PC/Dropbox/PC/Desktop/projects/ignite-lab/ignite-design-system/packages/tokens": {
      "version": "1.0.0",
      "extraneous": true,
      "license": "MIT",
      "devDependencies": {
        "@ignite-ui/ts-config": "*",
        "tsup": "^6.5.0",
        "typescript": "^4.9.4"
      }
    },
    "../../../../Dropbox/PC/Dropbox/PC/Dropbox/PC/Dropbox/PC/Dropbox/PC/Dropbox/PC/Dropbox/PC/Dropbox/PC/Dropbox/PC/Dropbox/PC/Dropbox/PC/Dropbox/PC/Dropbox/PC/Desktop/projects/ignite-lab/ignite-design-system/packages/ts-config": {
      "version": "1.0.0",
      "extraneous": true,
      "license": "MIT"
    },
    "../../../../Dropbox/PC/Dropbox/PC/Dropbox/PC/Dropbox/PC/Dropbox/PC/Dropbox/PC/Dropbox/PC/Dropbox/PC/Dropbox/PC/Dropbox/PC/Dropbox/PC/Dropbox/PC/Dropbox/PC/Dropbox/PC/Desktop/projects/ignite-lab/ignite-design-system/packages/eslint-config": {
      "extraneous": true,
      "license": "MIT"
    },
    "../../../../Dropbox/PC/Dropbox/PC/Dropbox/PC/Dropbox/PC/Dropbox/PC/Dropbox/PC/Dropbox/PC/Dropbox/PC/Dropbox/PC/Dropbox/PC/Dropbox/PC/Dropbox/PC/Dropbox/PC/Dropbox/PC/Desktop/projects/ignite-lab/ignite-design-system/packages/react": {
      "version": "1.0.0",
      "extraneous": true,
      "license": "MIT",
      "devDependencies": {
        "@ignite-ui/tokens": "*",
        "@ignite-ui/ts-config": "*",
        "tsup": "^6.5.0",
        "typescript": "^4.9.4"
      }
    },
    "../../../../Dropbox/PC/Dropbox/PC/Dropbox/PC/Dropbox/PC/Dropbox/PC/Dropbox/PC/Dropbox/PC/Dropbox/PC/Dropbox/PC/Dropbox/PC/Dropbox/PC/Dropbox/PC/Dropbox/PC/Dropbox/PC/Desktop/projects/ignite-lab/ignite-design-system/packages/tokens": {
      "version": "1.0.0",
      "extraneous": true,
      "license": "MIT",
      "devDependencies": {
        "@ignite-ui/ts-config": "*",
        "tsup": "^6.5.0",
        "typescript": "^4.9.4"
      }
    },
    "../../../../Dropbox/PC/Dropbox/PC/Dropbox/PC/Dropbox/PC/Dropbox/PC/Dropbox/PC/Dropbox/PC/Dropbox/PC/Dropbox/PC/Dropbox/PC/Dropbox/PC/Dropbox/PC/Dropbox/PC/Dropbox/PC/Desktop/projects/ignite-lab/ignite-design-system/packages/ts-config": {
      "version": "1.0.0",
      "extraneous": true,
      "license": "MIT"
    },
    "../../../../Dropbox/PC/Dropbox/PC/Dropbox/PC/Dropbox/PC/Dropbox/PC/Dropbox/PC/Dropbox/PC/Dropbox/PC/Dropbox/PC/Dropbox/PC/Dropbox/PC/Dropbox/PC/Dropbox/PC/Dropbox/PC/Dropbox/PC/Desktop/projects/ignite-lab/ignite-design-system/packages/eslint-config": {
      "extraneous": true,
      "license": "MIT"
    },
    "../../../../Dropbox/PC/Dropbox/PC/Dropbox/PC/Dropbox/PC/Dropbox/PC/Dropbox/PC/Dropbox/PC/Dropbox/PC/Dropbox/PC/Dropbox/PC/Dropbox/PC/Dropbox/PC/Dropbox/PC/Dropbox/PC/Dropbox/PC/Desktop/projects/ignite-lab/ignite-design-system/packages/react": {
      "version": "1.0.0",
      "extraneous": true,
      "license": "MIT",
      "devDependencies": {
        "@ignite-ui/tokens": "*",
        "@ignite-ui/ts-config": "*",
        "tsup": "^6.5.0",
        "typescript": "^4.9.4"
      }
    },
    "../../../../Dropbox/PC/Dropbox/PC/Dropbox/PC/Dropbox/PC/Dropbox/PC/Dropbox/PC/Dropbox/PC/Dropbox/PC/Dropbox/PC/Dropbox/PC/Dropbox/PC/Dropbox/PC/Dropbox/PC/Dropbox/PC/Dropbox/PC/Desktop/projects/ignite-lab/ignite-design-system/packages/tokens": {
      "version": "1.0.0",
      "extraneous": true,
      "license": "MIT",
      "devDependencies": {
        "@ignite-ui/ts-config": "*",
        "tsup": "^6.5.0",
        "typescript": "^4.9.4"
      }
    },
    "../../../../Dropbox/PC/Dropbox/PC/Dropbox/PC/Dropbox/PC/Dropbox/PC/Dropbox/PC/Dropbox/PC/Dropbox/PC/Dropbox/PC/Dropbox/PC/Dropbox/PC/Dropbox/PC/Dropbox/PC/Dropbox/PC/Dropbox/PC/Desktop/projects/ignite-lab/ignite-design-system/packages/ts-config": {
      "version": "1.0.0",
      "extraneous": true,
      "license": "MIT"
    },
    "../../../../Dropbox/PC/Dropbox/PC/Dropbox/PC/Dropbox/PC/Dropbox/PC/Dropbox/PC/Dropbox/PC/Dropbox/PC/Dropbox/PC/Dropbox/PC/Dropbox/PC/Dropbox/PC/Dropbox/PC/Dropbox/PC/Dropbox/PC/Dropbox/PC/Desktop/projects/ignite-lab/ignite-design-system/packages/eslint-config": {
      "extraneous": true,
      "license": "MIT"
    },
    "../../../../Dropbox/PC/Dropbox/PC/Dropbox/PC/Dropbox/PC/Dropbox/PC/Dropbox/PC/Dropbox/PC/Dropbox/PC/Dropbox/PC/Dropbox/PC/Dropbox/PC/Dropbox/PC/Dropbox/PC/Dropbox/PC/Dropbox/PC/Dropbox/PC/Desktop/projects/ignite-lab/ignite-design-system/packages/react": {
      "version": "1.0.0",
      "extraneous": true,
      "license": "MIT",
      "devDependencies": {
        "@ignite-ui/tokens": "*",
        "@ignite-ui/ts-config": "*",
        "tsup": "^6.5.0",
        "typescript": "^4.9.4"
      }
    },
    "../../../../Dropbox/PC/Dropbox/PC/Dropbox/PC/Dropbox/PC/Dropbox/PC/Dropbox/PC/Dropbox/PC/Dropbox/PC/Dropbox/PC/Dropbox/PC/Dropbox/PC/Dropbox/PC/Dropbox/PC/Dropbox/PC/Dropbox/PC/Dropbox/PC/Desktop/projects/ignite-lab/ignite-design-system/packages/tokens": {
      "version": "1.0.0",
      "extraneous": true,
      "license": "MIT",
      "devDependencies": {
        "@ignite-ui/ts-config": "*",
        "tsup": "^6.5.0",
        "typescript": "^4.9.4"
      }
    },
    "../../../../Dropbox/PC/Dropbox/PC/Dropbox/PC/Dropbox/PC/Dropbox/PC/Dropbox/PC/Dropbox/PC/Dropbox/PC/Dropbox/PC/Dropbox/PC/Dropbox/PC/Dropbox/PC/Dropbox/PC/Dropbox/PC/Dropbox/PC/Dropbox/PC/Desktop/projects/ignite-lab/ignite-design-system/packages/ts-config": {
      "version": "1.0.0",
      "extraneous": true,
      "license": "MIT"
    },
    "../../../../Dropbox/PC/Dropbox/PC/Dropbox/PC/Dropbox/PC/Dropbox/PC/Dropbox/PC/Dropbox/PC/Dropbox/PC/Dropbox/PC/Dropbox/PC/Dropbox/PC/Dropbox/PC/Dropbox/PC/Dropbox/PC/Dropbox/PC/Dropbox/PC/Dropbox/PC/Desktop/projects/ignite-lab/ignite-design-system/packages/eslint-config": {
      "extraneous": true,
      "license": "MIT"
    },
    "../../../../Dropbox/PC/Dropbox/PC/Dropbox/PC/Dropbox/PC/Dropbox/PC/Dropbox/PC/Dropbox/PC/Dropbox/PC/Dropbox/PC/Dropbox/PC/Dropbox/PC/Dropbox/PC/Dropbox/PC/Dropbox/PC/Dropbox/PC/Dropbox/PC/Dropbox/PC/Desktop/projects/ignite-lab/ignite-design-system/packages/react": {
      "version": "1.0.0",
      "extraneous": true,
      "license": "MIT",
      "devDependencies": {
        "@ignite-ui/tokens": "*",
        "@ignite-ui/ts-config": "*",
        "tsup": "^6.5.0",
        "typescript": "^4.9.4"
      }
    },
    "../../../../Dropbox/PC/Dropbox/PC/Dropbox/PC/Dropbox/PC/Dropbox/PC/Dropbox/PC/Dropbox/PC/Dropbox/PC/Dropbox/PC/Dropbox/PC/Dropbox/PC/Dropbox/PC/Dropbox/PC/Dropbox/PC/Dropbox/PC/Dropbox/PC/Dropbox/PC/Desktop/projects/ignite-lab/ignite-design-system/packages/tokens": {
      "version": "1.0.0",
      "extraneous": true,
      "license": "MIT",
      "devDependencies": {
        "@ignite-ui/ts-config": "*",
        "tsup": "^6.5.0",
        "typescript": "^4.9.4"
      }
    },
    "../../../../Dropbox/PC/Dropbox/PC/Dropbox/PC/Dropbox/PC/Dropbox/PC/Dropbox/PC/Dropbox/PC/Dropbox/PC/Dropbox/PC/Dropbox/PC/Dropbox/PC/Dropbox/PC/Dropbox/PC/Dropbox/PC/Dropbox/PC/Dropbox/PC/Dropbox/PC/Desktop/projects/ignite-lab/ignite-design-system/packages/ts-config": {
      "version": "1.0.0",
      "extraneous": true,
      "license": "MIT"
    },
    "../../../../Dropbox/PC/Dropbox/PC/Dropbox/PC/Dropbox/PC/Dropbox/PC/Dropbox/PC/Dropbox/PC/Dropbox/PC/Dropbox/PC/Dropbox/PC/Dropbox/PC/Dropbox/PC/Dropbox/PC/Dropbox/PC/Dropbox/PC/Dropbox/PC/Dropbox/PC/Dropbox/PC/Desktop/projects/ignite-lab/ignite-design-system/packages/eslint-config": {
      "extraneous": true,
      "license": "MIT"
    },
    "../../../../Dropbox/PC/Dropbox/PC/Dropbox/PC/Dropbox/PC/Dropbox/PC/Dropbox/PC/Dropbox/PC/Dropbox/PC/Dropbox/PC/Dropbox/PC/Dropbox/PC/Dropbox/PC/Dropbox/PC/Dropbox/PC/Dropbox/PC/Dropbox/PC/Dropbox/PC/Dropbox/PC/Desktop/projects/ignite-lab/ignite-design-system/packages/react": {
      "version": "1.0.0",
      "extraneous": true,
      "license": "MIT",
      "devDependencies": {
        "@ignite-ui/tokens": "*",
        "@ignite-ui/ts-config": "*",
        "tsup": "^6.5.0",
        "typescript": "^4.9.4"
      }
    },
    "../../../../Dropbox/PC/Dropbox/PC/Dropbox/PC/Dropbox/PC/Dropbox/PC/Dropbox/PC/Dropbox/PC/Dropbox/PC/Dropbox/PC/Dropbox/PC/Dropbox/PC/Dropbox/PC/Dropbox/PC/Dropbox/PC/Dropbox/PC/Dropbox/PC/Dropbox/PC/Dropbox/PC/Desktop/projects/ignite-lab/ignite-design-system/packages/tokens": {
      "version": "1.0.0",
      "extraneous": true,
      "license": "MIT",
      "devDependencies": {
        "@ignite-ui/ts-config": "*",
        "tsup": "^6.5.0",
        "typescript": "^4.9.4"
      }
    },
    "../../../../Dropbox/PC/Dropbox/PC/Dropbox/PC/Dropbox/PC/Dropbox/PC/Dropbox/PC/Dropbox/PC/Dropbox/PC/Dropbox/PC/Dropbox/PC/Dropbox/PC/Dropbox/PC/Dropbox/PC/Dropbox/PC/Dropbox/PC/Dropbox/PC/Dropbox/PC/Dropbox/PC/Desktop/projects/ignite-lab/ignite-design-system/packages/ts-config": {
      "version": "1.0.0",
      "extraneous": true,
      "license": "MIT"
    },
    "../../../../Dropbox/PC/Dropbox/PC/Dropbox/PC/Dropbox/PC/Dropbox/PC/Dropbox/PC/Dropbox/PC/Dropbox/PC/Dropbox/PC/Dropbox/PC/Dropbox/PC/Dropbox/PC/Dropbox/PC/Dropbox/PC/Dropbox/PC/Dropbox/PC/Dropbox/PC/Dropbox/PC/Dropbox/PC/Desktop/projects/ignite-lab/ignite-design-system/packages/eslint-config": {
      "extraneous": true,
      "license": "MIT"
    },
    "../../../../Dropbox/PC/Dropbox/PC/Dropbox/PC/Dropbox/PC/Dropbox/PC/Dropbox/PC/Dropbox/PC/Dropbox/PC/Dropbox/PC/Dropbox/PC/Dropbox/PC/Dropbox/PC/Dropbox/PC/Dropbox/PC/Dropbox/PC/Dropbox/PC/Dropbox/PC/Dropbox/PC/Dropbox/PC/Desktop/projects/ignite-lab/ignite-design-system/packages/react": {
      "version": "1.0.0",
      "extraneous": true,
      "license": "MIT",
      "devDependencies": {
        "@ignite-ui/tokens": "*",
        "@ignite-ui/ts-config": "*",
        "tsup": "^6.5.0",
        "typescript": "^4.9.4"
      }
    },
    "../../../../Dropbox/PC/Dropbox/PC/Dropbox/PC/Dropbox/PC/Dropbox/PC/Dropbox/PC/Dropbox/PC/Dropbox/PC/Dropbox/PC/Dropbox/PC/Dropbox/PC/Dropbox/PC/Dropbox/PC/Dropbox/PC/Dropbox/PC/Dropbox/PC/Dropbox/PC/Dropbox/PC/Dropbox/PC/Desktop/projects/ignite-lab/ignite-design-system/packages/tokens": {
      "version": "1.0.0",
      "extraneous": true,
      "license": "MIT",
      "devDependencies": {
        "@ignite-ui/ts-config": "*",
        "tsup": "^6.5.0",
        "typescript": "^4.9.4"
      }
    },
    "../../../../Dropbox/PC/Dropbox/PC/Dropbox/PC/Dropbox/PC/Dropbox/PC/Dropbox/PC/Dropbox/PC/Dropbox/PC/Dropbox/PC/Dropbox/PC/Dropbox/PC/Dropbox/PC/Dropbox/PC/Dropbox/PC/Dropbox/PC/Dropbox/PC/Dropbox/PC/Dropbox/PC/Dropbox/PC/Desktop/projects/ignite-lab/ignite-design-system/packages/ts-config": {
      "version": "1.0.0",
      "extraneous": true,
      "license": "MIT"
    },
    "../../../../Dropbox/PC/Dropbox/PC/Dropbox/PC/Dropbox/PC/Dropbox/PC/Dropbox/PC/Dropbox/PC/Dropbox/PC/Dropbox/PC/Dropbox/PC/Dropbox/PC/Dropbox/PC/Dropbox/PC/Dropbox/PC/Dropbox/PC/Dropbox/PC/Dropbox/PC/Dropbox/PC/Dropbox/PC/Dropbox/PC/Desktop/projects/ignite-lab/ignite-design-system/packages/eslint-config": {
      "extraneous": true,
      "license": "MIT"
    },
    "../../../../Dropbox/PC/Dropbox/PC/Dropbox/PC/Dropbox/PC/Dropbox/PC/Dropbox/PC/Dropbox/PC/Dropbox/PC/Dropbox/PC/Dropbox/PC/Dropbox/PC/Dropbox/PC/Dropbox/PC/Dropbox/PC/Dropbox/PC/Dropbox/PC/Dropbox/PC/Dropbox/PC/Dropbox/PC/Dropbox/PC/Desktop/projects/ignite-lab/ignite-design-system/packages/react": {
      "version": "1.0.0",
      "extraneous": true,
      "license": "MIT",
      "devDependencies": {
        "@ignite-ui/tokens": "*",
        "@ignite-ui/ts-config": "*",
        "tsup": "^6.5.0",
        "typescript": "^4.9.4"
      }
    },
    "../../../../Dropbox/PC/Dropbox/PC/Dropbox/PC/Dropbox/PC/Dropbox/PC/Dropbox/PC/Dropbox/PC/Dropbox/PC/Dropbox/PC/Dropbox/PC/Dropbox/PC/Dropbox/PC/Dropbox/PC/Dropbox/PC/Dropbox/PC/Dropbox/PC/Dropbox/PC/Dropbox/PC/Dropbox/PC/Dropbox/PC/Desktop/projects/ignite-lab/ignite-design-system/packages/tokens": {
      "version": "1.0.0",
      "extraneous": true,
      "license": "MIT",
      "devDependencies": {
        "@ignite-ui/ts-config": "*",
        "tsup": "^6.5.0",
        "typescript": "^4.9.4"
      }
    },
    "../../../../Dropbox/PC/Dropbox/PC/Dropbox/PC/Dropbox/PC/Dropbox/PC/Dropbox/PC/Dropbox/PC/Dropbox/PC/Dropbox/PC/Dropbox/PC/Dropbox/PC/Dropbox/PC/Dropbox/PC/Dropbox/PC/Dropbox/PC/Dropbox/PC/Dropbox/PC/Dropbox/PC/Dropbox/PC/Dropbox/PC/Desktop/projects/ignite-lab/ignite-design-system/packages/ts-config": {
      "version": "1.0.0",
      "extraneous": true,
      "license": "MIT"
    },
    "../../../../Dropbox/PC/Dropbox/PC/Dropbox/PC/Dropbox/PC/Dropbox/PC/Dropbox/PC/Dropbox/PC/Dropbox/PC/Dropbox/PC/Dropbox/PC/Dropbox/PC/Dropbox/PC/Dropbox/PC/Dropbox/PC/Dropbox/PC/Dropbox/PC/Dropbox/PC/Dropbox/PC/Dropbox/PC/Dropbox/PC/Dropbox/PC/Desktop/projects/ignite-lab/ignite-design-system/packages/react": {
      "name": "@ignite-ui/react",
      "version": "1.0.0",
      "extraneous": true,
      "license": "MIT",
      "devDependencies": {
        "@ignite-ui/tokens": "*",
        "@ignite-ui/ts-config": "*",
        "tsup": "^6.5.0",
        "typescript": "^4.9.4"
      }
    },
    "../../../../Dropbox/PC/Dropbox/PC/Dropbox/PC/Dropbox/PC/Dropbox/PC/Dropbox/PC/Dropbox/PC/Dropbox/PC/Dropbox/PC/Dropbox/PC/Dropbox/PC/Dropbox/PC/Dropbox/PC/Dropbox/PC/Dropbox/PC/Dropbox/PC/Dropbox/PC/Dropbox/PC/Dropbox/PC/Dropbox/PC/Dropbox/PC/Desktop/projects/ignite-lab/ignite-design-system/packages/tokens": {
      "name": "@ignite-ui/tokens",
      "version": "1.0.0",
      "extraneous": true,
      "license": "MIT",
      "devDependencies": {
        "@ignite-ui/ts-config": "*",
        "tsup": "^6.5.0",
        "typescript": "^4.9.4"
      }
    },
    "../../../../Dropbox/PC/Dropbox/PC/Dropbox/PC/Dropbox/PC/Dropbox/PC/Dropbox/PC/Dropbox/PC/Dropbox/PC/Dropbox/PC/Dropbox/PC/Dropbox/PC/Dropbox/PC/Dropbox/PC/Dropbox/PC/Dropbox/PC/Dropbox/PC/Dropbox/PC/Dropbox/PC/Dropbox/PC/Dropbox/PC/Dropbox/PC/Desktop/projects/ignite-lab/ignite-design-system/packages/ts-config": {
      "name": "@ignite-ui/ts-config",
      "version": "1.0.0",
      "extraneous": true,
      "license": "MIT"
    },
    "node_modules/@ignite-ui/react": {
      "resolved": "../../../../Dropbox/PC/Dropbox/PC/Dropbox/PC/Dropbox/PC/Dropbox/PC/Dropbox/PC/Dropbox/PC/Dropbox/PC/Dropbox/PC/Dropbox/PC/Dropbox/PC/Dropbox/PC/Dropbox/PC/Dropbox/PC/Dropbox/PC/Dropbox/PC/Dropbox/PC/Dropbox/PC/Dropbox/PC/Dropbox/PC/Dropbox/PC/Desktop/projects/ignite-lab/ignite-design-system/packages/react",
      "link": true
    },
    "node_modules/@ignite-ui/tokens": {
      "resolved": "../../../../Dropbox/PC/Dropbox/PC/Dropbox/PC/Dropbox/PC/Dropbox/PC/Dropbox/PC/Dropbox/PC/Dropbox/PC/Dropbox/PC/Dropbox/PC/Dropbox/PC/Dropbox/PC/Dropbox/PC/Dropbox/PC/Dropbox/PC/Dropbox/PC/Dropbox/PC/Dropbox/PC/Dropbox/PC/Dropbox/PC/Dropbox/PC/Desktop/projects/ignite-lab/ignite-design-system/packages/tokens",
      "link": true
    },
    "node_modules/@ignite-ui/ts-config": {
      "resolved": "../../../../Dropbox/PC/Dropbox/PC/Dropbox/PC/Dropbox/PC/Dropbox/PC/Dropbox/PC/Dropbox/PC/Dropbox/PC/Dropbox/PC/Dropbox/PC/Dropbox/PC/Dropbox/PC/Dropbox/PC/Dropbox/PC/Dropbox/PC/Dropbox/PC/Dropbox/PC/Dropbox/PC/Dropbox/PC/Dropbox/PC/Dropbox/PC/Desktop/projects/ignite-lab/ignite-design-system/packages/ts-config",
      "link": true
    },
    "packages/eslint-config": {
      "extraneous": true,
      "license": "MIT"
    },
    "packages/react": {
      "version": "1.0.0",
      "extraneous": true,
      "license": "MIT",
      "devDependencies": {
        "@ignite-ui/tokens": "*",
        "@ignite-ui/ts-config": "*",
        "tsup": "^6.5.0",
        "typescript": "^4.9.4"
      }
    },
    "packages/tokens": {
      "version": "1.0.0",
      "extraneous": true,
      "license": "MIT",
      "devDependencies": {
        "@ignite-ui/ts-config": "*",
        "tsup": "^6.5.0",
        "typescript": "^4.9.4"
      }
    },
    "packages/ts-config": {
      "version": "1.0.0",
      "extraneous": true,
      "license": "MIT"
    }
  }
}
